
Microsoft Visual Studio Solution File, Format Version 12.00
# Visual Studio Version 17
VisualStudioVersion = 17.8.34330.188
MinimumVisualStudioVersion = 10.0.40219.1
Project("{FAE04EC0-301F-11D3-BF4B-00C04F79EFBC}") = "Backend.API", "Backend\Backend.API.csproj", "{D2354238-250D-44E5-AA31-C61FB078DD68}"
EndProject
Project("{FAE04EC0-301F-11D3-BF4B-00C04F79EFBC}") = "Backend.Core", "Backend.Core\Backend.Core.csproj", "{870D1BEB-C798-4015-BE76-7D558BB4559B}"
EndProject
Project("{FAE04EC0-301F-11D3-BF4B-00C04F79EFBC}") = "Backend.DAL", "Backend.DAL\Backend.DAL.csproj", "{1AA618BC-AC6A-486F-B150-23326284C160}"
EndProject
Project("{FAE04EC0-301F-11D3-BF4B-00C04F79EFBC}") = "Backend.BLL", "Backend.BLL\Backend.BLL.csproj", "{02ECB985-205B-4DCB-B9E0-35BC2280D36F}"
EndProject
Global
	GlobalSection(SolutionConfigurationPlatforms) = preSolution
		Debug|Any CPU = Debug|Any CPU
		Release|Any CPU = Release|Any CPU
	EndGlobalSection
	GlobalSection(ProjectConfigurationPlatforms) = postSolution
		{D2354238-250D-44E5-AA31-C61FB078DD68}.Debug|Any CPU.ActiveCfg = Debug|Any CPU
		{D2354238-250D-44E5-AA31-C61FB078DD68}.Debug|Any CPU.Build.0 = Debug|Any CPU
		{D2354238-250D-44E5-AA31-C61FB078DD68}.Release|Any CPU.ActiveCfg = Release|Any CPU
		{D2354238-250D-44E5-AA31-C61FB078DD68}.Release|Any CPU.Build.0 = Release|Any CPU
		{870D1BEB-C798-4015-BE76-7D558BB4559B}.Debug|Any CPU.ActiveCfg = Debug|Any CPU
		{870D1BEB-C798-4015-BE76-7D558BB4559B}.Debug|Any CPU.Build.0 = Debug|Any CPU
		{870D1BEB-C798-4015-BE76-7D558BB4559B}.Release|Any CPU.ActiveCfg = Release|Any CPU
		{870D1BEB-C798-4015-BE76-7D558BB4559B}.Release|Any CPU.Build.0 = Release|Any CPU
		{1AA618BC-AC6A-486F-B150-23326284C160}.Debug|Any CPU.ActiveCfg = Debug|Any CPU
		{1AA618BC-AC6A-486F-B150-23326284C160}.Debug|Any CPU.Build.0 = Debug|Any CPU
		{1AA618BC-AC6A-486F-B150-23326284C160}.Release|Any CPU.ActiveCfg = Release|Any CPU
		{1AA618BC-AC6A-486F-B150-23326284C160}.Release|Any CPU.Build.0 = Release|Any CPU
		{02ECB985-205B-4DCB-B9E0-35BC2280D36F}.Debug|Any CPU.ActiveCfg = Debug|Any CPU
		{02ECB985-205B-4DCB-B9E0-35BC2280D36F}.Debug|Any CPU.Build.0 = Debug|Any CPU
		{02ECB985-205B-4DCB-B9E0-35BC2280D36F}.Release|Any CPU.ActiveCfg = Release|Any CPU
		{02ECB985-205B-4DCB-B9E0-35BC2280D36F}.Release|Any CPU.Build.0 = Release|Any CPU
	EndGlobalSection
	GlobalSection(SolutionProperties) = preSolution
		HideSolutionNode = FALSE
	EndGlobalSection
	GlobalSection(ExtensibilityGlobals) = postSolution
		SolutionGuid = {DB9D4014-3AFE-4E46-9167-17E2CC1B4509}
	EndGlobalSection
EndGlobal
